
Microsoft Visual Studio Solution File, Format Version 12.00
# Visual Studio Version 17
VisualStudioVersion = 17.3.32901.215
MinimumVisualStudioVersion = 10.0.40219.1
Project("{FAE04EC0-301F-11D3-BF4B-00C04F79EFBC}") = "ornek32", "ornek32\ornek32.csproj", "{4F00C0C8-45EE-4DBE-A8E6-748CED90C84C}"
EndProject
Global
	GlobalSection(SolutionConfigurationPlatforms) = preSolution
		Debug|Any CPU = Debug|Any CPU
		Release|Any CPU = Release|Any CPU
	EndGlobalSection
	GlobalSection(ProjectConfigurationPlatforms) = postSolution
		{4F00C0C8-45EE-4DBE-A8E6-748CED90C84C}.Debug|Any CPU.ActiveCfg = Debug|Any CPU
		{4F00C0C8-45EE-4DBE-A8E6-748CED90C84C}.Debug|Any CPU.Build.0 = Debug|Any CPU
		{4F00C0C8-45EE-4DBE-A8E6-748CED90C84C}.Release|Any CPU.ActiveCfg = Release|Any CPU
		{4F00C0C8-45EE-4DBE-A8E6-748CED90C84C}.Release|Any CPU.Build.0 = Release|Any CPU
	EndGlobalSection
	GlobalSection(SolutionProperties) = preSolution
		HideSolutionNode = FALSE
	EndGlobalSection
	GlobalSection(ExtensibilityGlobals) = postSolution
		SolutionGuid = {7E0434DE-C667-4F6F-8112-67E30670CC77}
	EndGlobalSection
EndGlobal
